
Microsoft Visual Studio Solution File, Format Version 12.00
# Visual Studio 14
VisualStudioVersion = 14.0.25420.1
MinimumVisualStudioVersion = 10.0.40219.1
Project("{FAE04EC0-301F-11D3-BF4B-00C04F79EFBC}") = "BarCodeApp", "BarCodeApp\BarCodeApp.csproj", "{E55DC533-E01E-4ABC-A556-9E332DA843A7}"
EndProject
Project("{2150E333-8FDC-42A3-9474-1A3956D46DE8}") = ".nuget", ".nuget", "{FA746F93-92EF-4FFA-87F3-234636F04276}"
	ProjectSection(SolutionItems) = preProject
		.nuget\NuGet.Config = .nuget\NuGet.Config
		.nuget\NuGet.exe = .nuget\NuGet.exe
		.nuget\NuGet.targets = .nuget\NuGet.targets
	EndProjectSection
EndProject
Project("{FAE04EC0-301F-11D3-BF4B-00C04F79EFBC}") = "BarCodeApp.Data", "BarCodeApp.Data\BarCodeApp.Data.csproj", "{7BFBD749-B5D2-4E4A-8591-320E8E579BF6}"
EndProject
Global
	GlobalSection(SolutionConfigurationPlatforms) = preSolution
		Debug|Any CPU = Debug|Any CPU
		Release|Any CPU = Release|Any CPU
	EndGlobalSection
	GlobalSection(ProjectConfigurationPlatforms) = postSolution
		{E55DC533-E01E-4ABC-A556-9E332DA843A7}.Debug|Any CPU.ActiveCfg = Debug|Any CPU
		{E55DC533-E01E-4ABC-A556-9E332DA843A7}.Debug|Any CPU.Build.0 = Debug|Any CPU
		{E55DC533-E01E-4ABC-A556-9E332DA843A7}.Release|Any CPU.ActiveCfg = Release|Any CPU
		{E55DC533-E01E-4ABC-A556-9E332DA843A7}.Release|Any CPU.Build.0 = Release|Any CPU
		{7BFBD749-B5D2-4E4A-8591-320E8E579BF6}.Debug|Any CPU.ActiveCfg = Debug|Any CPU
		{7BFBD749-B5D2-4E4A-8591-320E8E579BF6}.Debug|Any CPU.Build.0 = Debug|Any CPU
		{7BFBD749-B5D2-4E4A-8591-320E8E579BF6}.Release|Any CPU.ActiveCfg = Release|Any CPU
		{7BFBD749-B5D2-4E4A-8591-320E8E579BF6}.Release|Any CPU.Build.0 = Release|Any CPU
	EndGlobalSection
	GlobalSection(SolutionProperties) = preSolution
		HideSolutionNode = FALSE
	EndGlobalSection
EndGlobal
